{
    "_readme": [
        "This file locks the dependencies of your project to a known state",
        "Read more about it at https://getcomposer.org/doc/01-basic-usage.md#composer-lock-the-lock-file",
        "This file is @generated automatically"
    ],
    "hash": "564ea231f82fa74bbda0f35b59b4716d",
    "content-hash": "16f0afef54e50eeab8bc4d3d12e48463",
    "packages": [
        {
            "name": "jamesryanbell/cloudflare",
            "version": "1.8.0",
            "source": {
                "type": "git",
                "url": "https://github.com/jamesryanbell/cloudflare.git",
                "reference": "5ac056368147c501f086b5400f776dc158d3de24"
            },
            "dist": {
                "type": "zip",
                "url": "https://api.github.com/repos/jamesryanbell/cloudflare/zipball/5ac056368147c501f086b5400f776dc158d3de24",
                "reference": "5ac056368147c501f086b5400f776dc158d3de24",
                "shasum": ""
            },
            "require-dev": {
                "phpunit/phpunit": "*",
                "satooshi/php-coveralls": "dev-master"
            },
            "type": "library",
            "autoload": {
                "psr-4": {
                    "Cloudflare\\": "src/CloudFlare"
                }
            },
            "notification-url": "https://packagist.org/downloads/",
            "license": [
                "MIT"
            ],
            "authors": [
                {
                    "name": "James Bell",
                    "email": "james@james-bell.co.uk"
                }
            ],
            "description": "CloudFlare API - PHP",
            "keywords": [
                "api",
                "cloudflare"
            ],
            "time": "2016-10-01 20:36:05"
        }
    ],
    "packages-dev": [],
    "aliases": [],
    "minimum-stability": "stable",
    "stability-flags": [],
    "prefer-stable": false,
    "prefer-lowest": false,
    "platform": [],
    "platform-dev": []
}
